
Microsoft Visual Studio Solution File, Format Version 12.00
# Visual Studio Version 17
VisualStudioVersion = 17.11.35222.181
MinimumVisualStudioVersion = 10.0.40219.1
Project("{9A19103F-16F7-4668-BE54-9A1E7A4F7556}") = "GroovyParserBackend", "GroovyParserBackend\GroovyParserBackend.csproj", "{D5B3071C-1AC8-4354-9440-B22A2D633A31}"
EndProject
Project("{FAE04EC0-301F-11D3-BF4B-00C04F79EFBC}") = "GroovyParserCLI", "GroovyParserCLI\GroovyParserCLI.csproj", "{55FD8B76-9D1F-4738-9053-DFAA9E3B3FE0}"
EndProject
Global
	GlobalSection(SolutionConfigurationPlatforms) = preSolution
		Debug|Any CPU = Debug|Any CPU
		Release|Any CPU = Release|Any CPU
	EndGlobalSection
	GlobalSection(ProjectConfigurationPlatforms) = postSolution
		{D5B3071C-1AC8-4354-9440-B22A2D633A31}.Debug|Any CPU.ActiveCfg = Debug|Any CPU
		{D5B3071C-1AC8-4354-9440-B22A2D633A31}.Debug|Any CPU.Build.0 = Debug|Any CPU
		{D5B3071C-1AC8-4354-9440-B22A2D633A31}.Release|Any CPU.ActiveCfg = Release|Any CPU
		{D5B3071C-1AC8-4354-9440-B22A2D633A31}.Release|Any CPU.Build.0 = Release|Any CPU
		{55FD8B76-9D1F-4738-9053-DFAA9E3B3FE0}.Debug|Any CPU.ActiveCfg = Debug|Any CPU
		{55FD8B76-9D1F-4738-9053-DFAA9E3B3FE0}.Debug|Any CPU.Build.0 = Debug|Any CPU
		{55FD8B76-9D1F-4738-9053-DFAA9E3B3FE0}.Release|Any CPU.ActiveCfg = Release|Any CPU
		{55FD8B76-9D1F-4738-9053-DFAA9E3B3FE0}.Release|Any CPU.Build.0 = Release|Any CPU
	EndGlobalSection
	GlobalSection(SolutionProperties) = preSolution
		HideSolutionNode = FALSE
	EndGlobalSection
	GlobalSection(ExtensibilityGlobals) = postSolution
		SolutionGuid = {F89016E8-C5AA-40A4-BBC8-817FBF53340E}
	EndGlobalSection
EndGlobal
